// !$*UTF8*$!
{
	archiveVersion = 1;
	classes = {
	};
	objectVersion = 46;
	objects = {

/* Begin PBXBuildFile section */
		D92887AA1BC611B400C98C76 /* ZYActionView.m in Sources */ = {isa = PBXBuildFile; fileRef = D92887A91BC611B400C98C76 /* ZYActionView.m */; settings = {ASSET_TAGS = (); }; };
		D9C4E0CA1BC7B30300D13757 /* BaseView.swift in Sources */ = {isa = PBXBuildFile; fileRef = D9C4E0C91BC7B30300D13757 /* BaseView.swift */; settings = {ASSET_TAGS = (); }; };
		D9DF2BF51BBB97B100439F9B /* main.m in Sources */ = {isa = PBXBuildFile; fileRef = D9DF2BF41BBB97B100439F9B /* main.m */; };
		D9DF2BF81BBB97B100439F9B /* AppDelegate.m in Sources */ = {isa = PBXBuildFile; fileRef = D9DF2BF71BBB97B100439F9B /* AppDelegate.m */; };
		D9DF2BFB1BBB97B100439F9B /* ViewController.m in Sources */ = {isa = PBXBuildFile; fileRef = D9DF2BFA1BBB97B100439F9B /* ViewController.m */; };
		D9DF2BFE1BBB97B100439F9B /* Main.storyboard in Resources */ = {isa = PBXBuildFile; fileRef = D9DF2BFC1BBB97B100439F9B /* Main.storyboard */; };
		D9DF2C011BBB97B100439F9B /* PopCircleMenu.xcdatamodeld in Sources */ = {isa = PBXBuildFile; fileRef = D9DF2BFF1BBB97B100439F9B /* PopCircleMenu.xcdatamodeld */; };
		D9DF2C031BBB97B100439F9B /* Assets.xcassets in Resources */ = {isa = PBXBuildFile; fileRef = D9DF2C021BBB97B100439F9B /* Assets.xcassets */; };
		D9DF2C061BBB97B100439F9B /* LaunchScreen.storyboard in Resources */ = {isa = PBXBuildFile; fileRef = D9DF2C041BBB97B100439F9B /* LaunchScreen.storyboard */; };
		D9DF2C111BBB97B100439F9B /* PopCircleMenuTests.m in Sources */ = {isa = PBXBuildFile; fileRef = D9DF2C101BBB97B100439F9B /* PopCircleMenuTests.m */; };
		D9DF2C1C1BBB97B100439F9B /* PopCircleMenuUITests.m in Sources */ = {isa = PBXBuildFile; fileRef = D9DF2C1B1BBB97B100439F9B /* PopCircleMenuUITests.m */; };
		D9DF2C401BBB988400439F9B /* ZYCircleMenu.m in Sources */ = {isa = PBXBuildFile; fileRef = D9DF2C2E1BBB988400439F9B /* ZYCircleMenu.m */; settings = {ASSET_TAGS = (); }; };
		D9DF2C411BBB988400439F9B /* KYICircleMenuButton01.png in Resources */ = {isa = PBXBuildFile; fileRef = D9DF2C301BBB988400439F9B /* KYICircleMenuButton01.png */; settings = {ASSET_TAGS = (); }; };
		D9DF2C421BBB988400439F9B /* KYICircleMenuButton01@2x.png in Resources */ = {isa = PBXBuildFile; fileRef = D9DF2C311BBB988400439F9B /* KYICircleMenuButton01@2x.png */; settings = {ASSET_TAGS = (); }; };
		D9DF2C431BBB988400439F9B /* KYICircleMenuButton02.png in Resources */ = {isa = PBXBuildFile; fileRef = D9DF2C321BBB988400439F9B /* KYICircleMenuButton02.png */; settings = {ASSET_TAGS = (); }; };
		D9DF2C441BBB988400439F9B /* KYICircleMenuButton02@2x.png in Resources */ = {isa = PBXBuildFile; fileRef = D9DF2C331BBB988400439F9B /* KYICircleMenuButton02@2x.png */; settings = {ASSET_TAGS = (); }; };
		D9DF2C451BBB988400439F9B /* KYICircleMenuButton03.png in Resources */ = {isa = PBXBuildFile; fileRef = D9DF2C341BBB988400439F9B /* KYICircleMenuButton03.png */; settings = {ASSET_TAGS = (); }; };
		D9DF2C461BBB988400439F9B /* KYICircleMenuButton03@2x.png in Resources */ = {isa = PBXBuildFile; fileRef = D9DF2C351BBB988400439F9B /* KYICircleMenuButton03@2x.png */; settings = {ASSET_TAGS = (); }; };
		D9DF2C471BBB988400439F9B /* KYICircleMenuButton04.png in Resources */ = {isa = PBXBuildFile; fileRef = D9DF2C361BBB988400439F9B /* KYICircleMenuButton04.png */; settings = {ASSET_TAGS = (); }; };
		D9DF2C481BBB988400439F9B /* KYICircleMenuButton04@2x.png in Resources */ = {isa = PBXBuildFile; fileRef = D9DF2C371BBB988400439F9B /* KYICircleMenuButton04@2x.png */; settings = {ASSET_TAGS = (); }; };
		D9DF2C491BBB988400439F9B /* KYICircleMenuButton05.png in Resources */ = {isa = PBXBuildFile; fileRef = D9DF2C381BBB988400439F9B /* KYICircleMenuButton05.png */; settings = {ASSET_TAGS = (); }; };
		D9DF2C4A1BBB988400439F9B /* KYICircleMenuButton05@2x.png in Resources */ = {isa = PBXBuildFile; fileRef = D9DF2C391BBB988400439F9B /* KYICircleMenuButton05@2x.png */; settings = {ASSET_TAGS = (); }; };
		D9DF2C4B1BBB988400439F9B /* KYICircleMenuButton06.png in Resources */ = {isa = PBXBuildFile; fileRef = D9DF2C3A1BBB988400439F9B /* KYICircleMenuButton06.png */; settings = {ASSET_TAGS = (); }; };
		D9DF2C4C1BBB988400439F9B /* KYICircleMenuButton06@2x.png in Resources */ = {isa = PBXBuildFile; fileRef = D9DF2C3B1BBB988400439F9B /* KYICircleMenuButton06@2x.png */; settings = {ASSET_TAGS = (); }; };
		D9DF2C4D1BBB988400439F9B /* KYICircleMenuCenterButton.png in Resources */ = {isa = PBXBuildFile; fileRef = D9DF2C3C1BBB988400439F9B /* KYICircleMenuCenterButton.png */; settings = {ASSET_TAGS = (); }; };
		D9DF2C4E1BBB988400439F9B /* KYICircleMenuCenterButton@2x.png in Resources */ = {isa = PBXBuildFile; fileRef = D9DF2C3D1BBB988400439F9B /* KYICircleMenuCenterButton@2x.png */; settings = {ASSET_TAGS = (); }; };
		D9DF2C4F1BBB988400439F9B /* KYICircleMenuCenterButtonBackground.png in Resources */ = {isa = PBXBuildFile; fileRef = D9DF2C3E1BBB988400439F9B /* KYICircleMenuCenterButtonBackground.png */; settings = {ASSET_TAGS = (); }; };
		D9DF2C501BBB988400439F9B /* KYICircleMenuCenterButtonBackground@2x.png in Resources */ = {isa = PBXBuildFile; fileRef = D9DF2C3F1BBB988400439F9B /* KYICircleMenuCenterButtonBackground@2x.png */; settings = {ASSET_TAGS = (); }; };
/* End PBXBuildFile section */

/* Begin PBXContainerItemProxy section */
		D9DF2C0D1BBB97B100439F9B /* PBXContainerItemProxy */ = {
			isa = PBXContainerItemProxy;
			containerPortal = D9DF2BE81BBB97B100439F9B /* Project object */;
			proxyType = 1;
			remoteGlobalIDString = D9DF2BEF1BBB97B100439F9B;
			remoteInfo = PopCircleMenu;
		};
		D9DF2C181BBB97B100439F9B /* PBXContainerItemProxy */ = {
			isa = PBXContainerItemProxy;
			containerPortal = D9DF2BE81BBB97B100439F9B /* Project object */;
			proxyType = 1;
			remoteGlobalIDString = D9DF2BEF1BBB97B100439F9B;
			remoteInfo = PopCircleMenu;
		};
/* End PBXContainerItemProxy section */

/* Begin PBXFileReference section */
		D92887A81BC611B400C98C76 /* ZYActionView.h */ = {isa = PBXFileReference; fileEncoding = 4; lastKnownFileType = sourcecode.c.h; path = ZYActionView.h; sourceTree = "<group>"; };
		D92887A91BC611B400C98C76 /* ZYActionView.m */ = {isa = PBXFileReference; fileEncoding = 4; lastKnownFileType = sourcecode.c.objc; path = ZYActionView.m; sourceTree = "<group>"; };
		D9C4E0C81BC7B30200D13757 /* PopCircleMenu-Bridging-Header.h */ = {isa = PBXFileReference; lastKnownFileType = sourcecode.c.h; path = "PopCircleMenu-Bridging-Header.h"; sourceTree = "<group>"; };
		D9C4E0C91BC7B30300D13757 /* BaseView.swift */ = {isa = PBXFileReference; fileEncoding = 4; lastKnownFileType = sourcecode.swift; path = BaseView.swift; sourceTree = "<group>"; };
		D9DF2BF01BBB97B100439F9B /* PopCircleMenu.app */ = {isa = PBXFileReference; explicitFileType = wrapper.application; includeInIndex = 0; path = PopCircleMenu.app; sourceTree = BUILT_PRODUCTS_DIR; };
		D9DF2BF41BBB97B100439F9B /* main.m */ = {isa = PBXFileReference; lastKnownFileType = sourcecode.c.objc; path = main.m; sourceTree = "<group>"; };
		D9DF2BF61BBB97B100439F9B /* AppDelegate.h */ = {isa = PBXFileReference; lastKnownFileType = sourcecode.c.h; path = AppDelegate.h; sourceTree = "<group>"; };
		D9DF2BF71BBB97B100439F9B /* AppDelegate.m */ = {isa = PBXFileReference; lastKnownFileType = sourcecode.c.objc; path = AppDelegate.m; sourceTree = "<group>"; };
		D9DF2BF91BBB97B100439F9B /* ViewController.h */ = {isa = PBXFileReference; lastKnownFileType = sourcecode.c.h; path = ViewController.h; sourceTree = "<group>"; };
		D9DF2BFA1BBB97B100439F9B /* ViewController.m */ = {isa = PBXFileReference; lastKnownFileType = sourcecode.c.objc; path = ViewController.m; sourceTree = "<group>"; };
		D9DF2BFD1BBB97B100439F9B /* Base */ = {isa = PBXFileReference; lastKnownFileType = file.storyboard; name = Base; path = Base.lproj/Main.storyboard; sourceTree = "<group>"; };
		D9DF2C001BBB97B100439F9B /* PopCircleMenu.xcdatamodel */ = {isa = PBXFileReference; lastKnownFileType = wrapper.xcdatamodel; path = PopCircleMenu.xcdatamodel; sourceTree = "<group>"; };
		D9DF2C021BBB97B100439F9B /* Assets.xcassets */ = {isa = PBXFileReference; lastKnownFileType = folder.assetcatalog; path = Assets.xcassets; sourceTree = "<group>"; };
		D9DF2C051BBB97B100439F9B /* Base */ = {isa = PBXFileReference; lastKnownFileType = file.storyboard; name = Base; path = Base.lproj/LaunchScreen.storyboard; sourceTree = "<group>"; };
		D9DF2C071BBB97B100439F9B /* Info.plist */ = {isa = PBXFileReference; lastKnownFileType = text.plist.xml; path = Info.plist; sourceTree = "<group>"; };
		D9DF2C0C1BBB97B100439F9B /* PopCircleMenuTests.xctest */ = {isa = PBXFileReference; explicitFileType = wrapper.cfbundle; includeInIndex = 0; path = PopCircleMenuTests.xctest; sourceTree = BUILT_PRODUCTS_DIR; };
		D9DF2C101BBB97B100439F9B /* PopCircleMenuTests.m */ = {isa = PBXFileReference; lastKnownFileType = sourcecode.c.objc; path = PopCircleMenuTests.m; sourceTree = "<group>"; };
		D9DF2C121BBB97B100439F9B /* Info.plist */ = {isa = PBXFileReference; lastKnownFileType = text.plist.xml; path = Info.plist; sourceTree = "<group>"; };
		D9DF2C171BBB97B100439F9B /* PopCircleMenuUITests.xctest */ = {isa = PBXFileReference; explicitFileType = wrapper.cfbundle; includeInIndex = 0; path = PopCircleMenuUITests.xctest; sourceTree = BUILT_PRODUCTS_DIR; };
		D9DF2C1B1BBB97B100439F9B /* PopCircleMenuUITests.m */ = {isa = PBXFileReference; lastKnownFileType = sourcecode.c.objc; path = PopCircleMenuUITests.m; sourceTree = "<group>"; };
		D9DF2C1D1BBB97B100439F9B /* Info.plist */ = {isa = PBXFileReference; lastKnownFileType = text.plist.xml; path = Info.plist; sourceTree = "<group>"; };
		D9DF2C2D1BBB988400439F9B /* ZYCircleMenu.h */ = {isa = PBXFileReference; fileEncoding = 4; lastKnownFileType = sourcecode.c.h; path = ZYCircleMenu.h; sourceTree = "<group>"; };
		D9DF2C2E1BBB988400439F9B /* ZYCircleMenu.m */ = {isa = PBXFileReference; fileEncoding = 4; lastKnownFileType = sourcecode.c.objc; path = ZYCircleMenu.m; sourceTree = "<group>"; };
		D9DF2C301BBB988400439F9B /* KYICircleMenuButton01.png */ = {isa = PBXFileReference; lastKnownFileType = image.png; path = KYICircleMenuButton01.png; sourceTree = "<group>"; };
		D9DF2C311BBB988400439F9B /* KYICircleMenuButton01@2x.png */ = {isa = PBXFileReference; lastKnownFileType = image.png; path = "KYICircleMenuButton01@2x.png"; sourceTree = "<group>"; };
		D9DF2C321BBB988400439F9B /* KYICircleMenuButton02.png */ = {isa = PBXFileReference; lastKnownFileType = image.png; path = KYICircleMenuButton02.png; sourceTree = "<group>"; };
		D9DF2C331BBB988400439F9B /* KYICircleMenuButton02@2x.png */ = {isa = PBXFileReference; lastKnownFileType = image.png; path = "KYICircleMenuButton02@2x.png"; sourceTree = "<group>"; };
		D9DF2C341BBB988400439F9B /* KYICircleMenuButton03.png */ = {isa = PBXFileReference; lastKnownFileType = image.png; path = KYICircleMenuButton03.png; sourceTree = "<group>"; };
		D9DF2C351BBB988400439F9B /* KYICircleMenuButton03@2x.png */ = {isa = PBXFileReference; lastKnownFileType = image.png; path = "KYICircleMenuButton03@2x.png"; sourceTree = "<group>"; };
		D9DF2C361BBB988400439F9B /* KYICircleMenuButton04.png */ = {isa = PBXFileReference; lastKnownFileType = image.png; path = KYICircleMenuButton04.png; sourceTree = "<group>"; };
		D9DF2C371BBB988400439F9B /* KYICircleMenuButton04@2x.png */ = {isa = PBXFileReference; lastKnownFileType = image.png; path = "KYICircleMenuButton04@2x.png"; sourceTree = "<group>"; };
		D9DF2C381BBB988400439F9B /* KYICircleMenuButton05.png */ = {isa = PBXFileReference; lastKnownFileType = image.png; path = KYICircleMenuButton05.png; sourceTree = "<group>"; };
		D9DF2C391BBB988400439F9B /* KYICircleMenuButton05@2x.png */ = {isa = PBXFileReference; lastKnownFileType = image.png; path = "KYICircleMenuButton05@2x.png"; sourceTree = "<group>"; };
		D9DF2C3A1BBB988400439F9B /* KYICircleMenuButton06.png */ = {isa = PBXFileReference; lastKnownFileType = image.png; path = KYICircleMenuButton06.png; sourceTree = "<group>"; };
		D9DF2C3B1BBB988400439F9B /* KYICircleMenuButton06@2x.png */ = {isa = PBXFileReference; lastKnownFileType = image.png; path = "KYICircleMenuButton06@2x.png"; sourceTree = "<group>"; };
		D9DF2C3C1BBB988400439F9B /* KYICircleMenuCenterButton.png */ = {isa = PBXFileReference; lastKnownFileType = image.png; path = KYICircleMenuCenterButton.png; sourceTree = "<group>"; };
		D9DF2C3D1BBB988400439F9B /* KYICircleMenuCenterButton@2x.png */ = {isa = PBXFileReference; lastKnownFileType = image.png; path = "KYICircleMenuCenterButton@2x.png"; sourceTree = "<group>"; };
		D9DF2C3E1BBB988400439F9B /* KYICircleMenuCenterButtonBackground.png */ = {isa = PBXFileReference; lastKnownFileType = image.png; path = KYICircleMenuCenterButtonBackground.png; sourceTree = "<group>"; };
		D9DF2C3F1BBB988400439F9B /* KYICircleMenuCenterButtonBackground@2x.png */ = {isa = PBXFileReference; lastKnownFileType = image.png; path = "KYICircleMenuCenterButtonBackground@2x.png"; sourceTree = "<group>"; };
/* End PBXFileReference section */

/* Begin PBXFrameworksBuildPhase section */
		D9DF2BED1BBB97B100439F9B /* Frameworks */ = {
			isa = PBXFrameworksBuildPhase;
			buildActionMask = 2147483647;
			files = (
			);
			runOnlyForDeploymentPostprocessing = 0;
		};
		D9DF2C091BBB97B100439F9B /* Frameworks */ = {
			isa = PBXFrameworksBuildPhase;
			buildActionMask = 2147483647;
			files = (
			);
			runOnlyForDeploymentPostprocessing = 0;
		};
		D9DF2C141BBB97B100439F9B /* Frameworks */ = {
			isa = PBXFrameworksBuildPhase;
			buildActionMask = 2147483647;
			files = (
			);
			runOnlyForDeploymentPostprocessing = 0;
		};
/* End PBXFrameworksBuildPhase section */

/* Begin PBXGroup section */
		D9DF2BE71BBB97B100439F9B = {
			isa = PBXGroup;
			children = (
				D9DF2BF21BBB97B100439F9B /* PopCircleMenu */,
				D9DF2C0F1BBB97B100439F9B /* PopCircleMenuTests */,
				D9DF2C1A1BBB97B100439F9B /* PopCircleMenuUITests */,
				D9DF2BF11BBB97B100439F9B /* Products */,
			);
			sourceTree = "<group>";
		};
		D9DF2BF11BBB97B100439F9B /* Products */ = {
			isa = PBXGroup;
			children = (
				D9DF2BF01BBB97B100439F9B /* PopCircleMenu.app */,
				D9DF2C0C1BBB97B100439F9B /* PopCircleMenuTests.xctest */,
				D9DF2C171BBB97B100439F9B /* PopCircleMenuUITests.xctest */,
			);
			name = Products;
			sourceTree = "<group>";
		};
		D9DF2BF21BBB97B100439F9B /* PopCircleMenu */ = {
			isa = PBXGroup;
			children = (
				D9DF2BF61BBB97B100439F9B /* AppDelegate.h */,
				D9DF2BF71BBB97B100439F9B /* AppDelegate.m */,
				D9DF2BF91BBB97B100439F9B /* ViewController.h */,
				D9DF2BFA1BBB97B100439F9B /* ViewController.m */,
				D9DF2C2C1BBB988400439F9B /* ZYCircleMenu */,
				D9DF2BFC1BBB97B100439F9B /* Main.storyboard */,
				D9DF2C021BBB97B100439F9B /* Assets.xcassets */,
				D9DF2C041BBB97B100439F9B /* LaunchScreen.storyboard */,
				D9DF2C071BBB97B100439F9B /* Info.plist */,
				D9DF2BFF1BBB97B100439F9B /* PopCircleMenu.xcdatamodeld */,
				D9DF2BF31BBB97B100439F9B /* Supporting Files */,
				D9C4E0C91BC7B30300D13757 /* BaseView.swift */,
				D9C4E0C81BC7B30200D13757 /* PopCircleMenu-Bridging-Header.h */,
			);
			path = PopCircleMenu;
			sourceTree = "<group>";
		};
		D9DF2BF31BBB97B100439F9B /* Supporting Files */ = {
			isa = PBXGroup;
			children = (
				D9DF2BF41BBB97B100439F9B /* main.m */,
			);
			name = "Supporting Files";
			sourceTree = "<group>";
		};
		D9DF2C0F1BBB97B100439F9B /* PopCircleMenuTests */ = {
			isa = PBXGroup;
			children = (
				D9DF2C101BBB97B100439F9B /* PopCircleMenuTests.m */,
				D9DF2C121BBB97B100439F9B /* Info.plist */,
			);
			path = PopCircleMenuTests;
			sourceTree = "<group>";
		};
		D9DF2C1A1BBB97B100439F9B /* PopCircleMenuUITests */ = {
			isa = PBXGroup;
			children = (
				D9DF2C1B1BBB97B100439F9B /* PopCircleMenuUITests.m */,
				D9DF2C1D1BBB97B100439F9B /* Info.plist */,
			);
			path = PopCircleMenuUITests;
			sourceTree = "<group>";
		};
		D9DF2C2C1BBB988400439F9B /* ZYCircleMenu */ = {
			isa = PBXGroup;
			children = (
				D92887A81BC611B400C98C76 /* ZYActionView.h */,
				D92887A91BC611B400C98C76 /* ZYActionView.m */,
				D9DF2C2D1BBB988400439F9B /* ZYCircleMenu.h */,
				D9DF2C2E1BBB988400439F9B /* ZYCircleMenu.m */,
				D9DF2C2F1BBB988400439F9B /* ZYCircleMenuImages */,
			);
			path = ZYCircleMenu;
			sourceTree = "<group>";
		};
		D9DF2C2F1BBB988400439F9B /* ZYCircleMenuImages */ = {
			isa = PBXGroup;
			children = (
				D9DF2C301BBB988400439F9B /* KYICircleMenuButton01.png */,
				D9DF2C311BBB988400439F9B /* KYICircleMenuButton01@2x.png */,
				D9DF2C321BBB988400439F9B /* KYICircleMenuButton02.png */,
				D9DF2C331BBB988400439F9B /* KYICircleMenuButton02@2x.png */,
				D9DF2C341BBB988400439F9B /* KYICircleMenuButton03.png */,
				D9DF2C351BBB988400439F9B /* KYICircleMenuButton03@2x.png */,
				D9DF2C361BBB988400439F9B /* KYICircleMenuButton04.png */,
				D9DF2C371BBB988400439F9B /* KYICircleMenuButton04@2x.png */,
				D9DF2C381BBB988400439F9B /* KYICircleMenuButton05.png */,
				D9DF2C391BBB988400439F9B /* KYICircleMenuButton05@2x.png */,
				D9DF2C3A1BBB988400439F9B /* KYICircleMenuButton06.png */,
				D9DF2C3B1BBB988400439F9B /* KYICircleMenuButton06@2x.png */,
				D9DF2C3C1BBB988400439F9B /* KYICircleMenuCenterButton.png */,
				D9DF2C3D1BBB988400439F9B /* KYICircleMenuCenterButton@2x.png */,
				D9DF2C3E1BBB988400439F9B /* KYICircleMenuCenterButtonBackground.png */,
				D9DF2C3F1BBB988400439F9B /* KYICircleMenuCenterButtonBackground@2x.png */,
			);
			path = ZYCircleMenuImages;
			sourceTree = "<group>";
		};
/* End PBXGroup section */

/* Begin PBXNativeTarget section */
		D9DF2BEF1BBB97B100439F9B /* PopCircleMenu */ = {
			isa = PBXNativeTarget;
			buildConfigurationList = D9DF2C201BBB97B100439F9B /* Build configuration list for PBXNativeTarget "PopCircleMenu" */;
			buildPhases = (
				D9DF2BEC1BBB97B100439F9B /* Sources */,
				D9DF2BED1BBB97B100439F9B /* Frameworks */,
				D9DF2BEE1BBB97B100439F9B /* Resources */,
			);
			buildRules = (
			);
			dependencies = (
			);
			name = PopCircleMenu;
			productName = PopCircleMenu;
			productReference = D9DF2BF01BBB97B100439F9B /* PopCircleMenu.app */;
			productType = "com.apple.product-type.application";
		};
		D9DF2C0B1BBB97B100439F9B /* PopCircleMenuTests */ = {
			isa = PBXNativeTarget;
			buildConfigurationList = D9DF2C231BBB97B100439F9B /* Build configuration list for PBXNativeTarget "PopCircleMenuTests" */;
			buildPhases = (
				D9DF2C081BBB97B100439F9B /* Sources */,
				D9DF2C091BBB97B100439F9B /* Frameworks */,
				D9DF2C0A1BBB97B100439F9B /* Resources */,
			);
			buildRules = (
			);
			dependencies = (
				D9DF2C0E1BBB97B100439F9B /* PBXTargetDependency */,
			);
			name = PopCircleMenuTests;
			productName = PopCircleMenuTests;
			productReference = D9DF2C0C1BBB97B100439F9B /* PopCircleMenuTests.xctest */;
			productType = "com.apple.product-type.bundle.unit-test";
		};
		D9DF2C161BBB97B100439F9B /* PopCircleMenuUITests */ = {
			isa = PBXNativeTarget;
			buildConfigurationList = D9DF2C261BBB97B100439F9B /* Build configuration list for PBXNativeTarget "PopCircleMenuUITests" */;
			buildPhases = (
				D9DF2C131BBB97B100439F9B /* Sources */,
				D9DF2C141BBB97B100439F9B /* Frameworks */,
				D9DF2C151BBB97B100439F9B /* Resources */,
			);
			buildRules = (
			);
			dependencies = (
				D9DF2C191BBB97B100439F9B /* PBXTargetDependency */,
			);
			name = PopCircleMenuUITests;
			productName = PopCircleMenuUITests;
			productReference = D9DF2C171BBB97B100439F9B /* PopCircleMenuUITests.xctest */;
			productType = "com.apple.product-type.bundle.ui-testing";
		};
/* End PBXNativeTarget section */

/* Begin PBXProject section */
		D9DF2BE81BBB97B100439F9B /* Project object */ = {
			isa = PBXProject;
			attributes = {
				LastSwiftUpdateCheck = 0700;
				LastUpgradeCheck = 0700;
				ORGANIZATIONNAME = zhongkeyun;
				TargetAttributes = {
					D9DF2BEF1BBB97B100439F9B = {
						CreatedOnToolsVersion = 7.0;
					};
					D9DF2C0B1BBB97B100439F9B = {
						CreatedOnToolsVersion = 7.0;
						TestTargetID = D9DF2BEF1BBB97B100439F9B;
					};
					D9DF2C161BBB97B100439F9B = {
						CreatedOnToolsVersion = 7.0;
						TestTargetID = D9DF2BEF1BBB97B100439F9B;
					};
				};
			};
			buildConfigurationList = D9DF2BEB1BBB97B100439F9B /* Build configuration list for PBXProject "PopCircleMenu" */;
			compatibilityVersion = "Xcode 3.2";
			developmentRegion = English;
			hasScannedForEncodings = 0;
			knownRegions = (
				en,
				Base,
			);
			mainGroup = D9DF2BE71BBB97B100439F9B;
			productRefGroup = D9DF2BF11BBB97B100439F9B /* Products */;
			projectDirPath = "";
			projectRoot = "";
			targets = (
				D9DF2BEF1BBB97B100439F9B /* PopCircleMenu */,
				D9DF2C0B1BBB97B100439F9B /* PopCircleMenuTests */,
				D9DF2C161BBB97B100439F9B /* PopCircleMenuUITests */,
			);
		};
/* End PBXProject section */

/* Begin PBXResourcesBuildPhase section */
		D9DF2BEE1BBB97B100439F9B /* Resources */ = {
			isa = PBXResourcesBuildPhase;
			buildActionMask = 2147483647;
			files = (
				D9DF2C4C1BBB988400439F9B /* KYICircleMenuButton06@2x.png in Resources */,
				D9DF2C4E1BBB988400439F9B /* KYICircleMenuCenterButton@2x.png in Resources */,
				D9DF2C4D1BBB988400439F9B /* KYICircleMenuCenterButton.png in Resources */,
				D9DF2C4F1BBB988400439F9B /* KYICircleMenuCenterButtonBackground.png in Resources */,
				D9DF2C431BBB988400439F9B /* KYICircleMenuButton02.png in Resources */,
				D9DF2C4A1BBB988400439F9B /* KYICircleMenuButton05@2x.png in Resources */,
				D9DF2C461BBB988400439F9B /* KYICircleMenuButton03@2x.png in Resources */,
				D9DF2C471BBB988400439F9B /* KYICircleMenuButton04.png in Resources */,
				D9DF2C061BBB97B100439F9B /* LaunchScreen.storyboard in Resources */,
				D9DF2C481BBB988400439F9B /* KYICircleMenuButton04@2x.png in Resources */,
				D9DF2C4B1BBB988400439F9B /* KYICircleMenuButton06.png in Resources */,
				D9DF2C501BBB988400439F9B /* KYICircleMenuCenterButtonBackground@2x.png in Resources */,
				D9DF2C421BBB988400439F9B /* KYICircleMenuButton01@2x.png in Resources */,
				D9DF2C411BBB988400439F9B /* KYICircleMenuButton01.png in Resources */,
				D9DF2C441BBB988400439F9B /* KYICircleMenuButton02@2x.png in Resources */,
				D9DF2C031BBB97B100439F9B /* Assets.xcassets in Resources */,
				D9DF2C491BBB988400439F9B /* KYICircleMenuButton05.png in Resources */,
				D9DF2BFE1BBB97B100439F9B /* Main.storyboard in Resources */,
				D9DF2C451BBB988400439F9B /* KYICircleMenuButton03.png in Resources */,
			);
			runOnlyForDeploymentPostprocessing = 0;
		};
		D9DF2C0A1BBB97B100439F9B /* Resources */ = {
			isa = PBXResourcesBuildPhase;
			buildActionMask = 2147483647;
			files = (
			);
			runOnlyForDeploymentPostprocessing = 0;
		};
		D9DF2C151BBB97B100439F9B /* Resources */ = {
			isa = PBXResourcesBuildPhase;
			buildActionMask = 2147483647;
			files = (
			);
			runOnlyForDeploymentPostprocessing = 0;
		};
/* End PBXResourcesBuildPhase section */

/* Begin PBXSourcesBuildPhase section */
		D9DF2BEC1BBB97B100439F9B /* Sources */ = {
			isa = PBXSourcesBuildPhase;
			buildActionMask = 2147483647;
			files = (
				D9DF2C011BBB97B100439F9B /* PopCircleMenu.xcdatamodeld in Sources */,
				D9DF2BFB1BBB97B100439F9B /* ViewController.m in Sources */,
				D9DF2C401BBB988400439F9B /* ZYCircleMenu.m in Sources */,
				D92887AA1BC611B400C98C76 /* ZYActionView.m in Sources */,
				D9C4E0CA1BC7B30300D13757 /* BaseView.swift in Sources */,
				D9DF2BF81BBB97B100439F9B /* AppDelegate.m in Sources */,
				D9DF2BF51BBB97B100439F9B /* main.m in Sources */,
			);
			runOnlyForDeploymentPostprocessing = 0;
		};
		D9DF2C081BBB97B100439F9B /* Sources */ = {
			isa = PBXSourcesBuildPhase;
			buildActionMask = 2147483647;
			files = (
				D9DF2C111BBB97B100439F9B /* PopCircleMenuTests.m in Sources */,
			);
			runOnlyForDeploymentPostprocessing = 0;
		};
		D9DF2C131BBB97B100439F9B /* Sources */ = {
			isa = PBXSourcesBuildPhase;
			buildActionMask = 2147483647;
			files = (
				D9DF2C1C1BBB97B100439F9B /* PopCircleMenuUITests.m in Sources */,
			);
			runOnlyForDeploymentPostprocessing = 0;
		};
/* End PBXSourcesBuildPhase section */

/* Begin PBXTargetDependency section */
		D9DF2C0E1BBB97B100439F9B /* PBXTargetDependency */ = {
			isa = PBXTargetDependency;
			target = D9DF2BEF1BBB97B100439F9B /* PopCircleMenu */;
			targetProxy = D9DF2C0D1BBB97B100439F9B /* PBXContainerItemProxy */;
		};
		D9DF2C191BBB97B100439F9B /* PBXTargetDependency */ = {
			isa = PBXTargetDependency;
			target = D9DF2BEF1BBB97B100439F9B /* PopCircleMenu */;
			targetProxy = D9DF2C181BBB97B100439F9B /* PBXContainerItemProxy */;
		};
/* End PBXTargetDependency section */

/* Begin PBXVariantGroup section */
		D9DF2BFC1BBB97B100439F9B /* Main.storyboard */ = {
			isa = PBXVariantGroup;
			children = (
				D9DF2BFD1BBB97B100439F9B /* Base */,
			);
			name = Main.storyboard;
			sourceTree = "<group>";
		};
		D9DF2C041BBB97B100439F9B /* LaunchScreen.storyboard */ = {
			isa = PBXVariantGroup;
			children = (
				D9DF2C051BBB97B100439F9B /* Base */,
			);
			name = LaunchScreen.storyboard;
			sourceTree = "<group>";
		};
/* End PBXVariantGroup section */

/* Begin XCBuildConfiguration section */
		D9DF2C1E1BBB97B100439F9B /* Debug */ = {
			isa = XCBuildConfiguration;
			buildSettings = {
				ALWAYS_SEARCH_USER_PATHS = NO;
				CLANG_CXX_LANGUAGE_STANDARD = "gnu++0x";
				CLANG_CXX_LIBRARY = "libc++";
				CLANG_ENABLE_MODULES = YES;
				CLANG_ENABLE_OBJC_ARC = YES;
				CLANG_WARN_BOOL_CONVERSION = YES;
				CLANG_WARN_CONSTANT_CONVERSION = YES;
				CLANG_WARN_DIRECT_OBJC_ISA_USAGE = YES_ERROR;
				CLANG_WARN_EMPTY_BODY = YES;
				CLANG_WARN_ENUM_CONVERSION = YES;
				CLANG_WARN_INT_CONVERSION = YES;
				CLANG_WARN_OBJC_ROOT_CLASS = YES_ERROR;
				CLANG_WARN_UNREACHABLE_CODE = YES;
				CLANG_WARN__DUPLICATE_METHOD_MATCH = YES;
				"CODE_SIGN_IDENTITY[sdk=iphoneos*]" = "iPhone Developer";
				COPY_PHASE_STRIP = NO;
				DEBUG_INFORMATION_FORMAT = dwarf;
				ENABLE_STRICT_OBJC_MSGSEND = YES;
				ENABLE_TESTABILITY = YES;
				GCC_C_LANGUAGE_STANDARD = gnu99;
				GCC_DYNAMIC_NO_PIC = NO;
				GCC_NO_COMMON_BLOCKS = YES;
				GCC_OPTIMIZATION_LEVEL = 0;
				GCC_PREPROCESSOR_DEFINITIONS = (
					"DEBUG=1",
					"$(inherited)",
				);
				GCC_WARN_64_TO_32_BIT_CONVERSION = YES;
				GCC_WARN_ABOUT_RETURN_TYPE = YES_ERROR;
				GCC_WARN_UNDECLARED_SELECTOR = YES;
				GCC_WARN_UNINITIALIZED_AUTOS = YES_AGGRESSIVE;
				GCC_WARN_UNUSED_FUNCTION = YES;
				GCC_WARN_UNUSED_VARIABLE = YES;
				IPHONEOS_DEPLOYMENT_TARGET = 9.0;
				MTL_ENABLE_DEBUG_INFO = YES;
				ONLY_ACTIVE_ARCH = YES;
				SDKROOT = iphoneos;
			};
			name = Debug;
		};
		D9DF2C1F1BBB97B100439F9B /* Release */ = {
			isa = XCBuildConfiguration;
			buildSettings = {
				ALWAYS_SEARCH_USER_PATHS = NO;
				CLANG_CXX_LANGUAGE_STANDARD = "gnu++0x";
				CLANG_CXX_LIBRARY = "libc++";
				CLANG_ENABLE_MODULES = YES;
				CLANG_ENABLE_OBJC_ARC = YES;
				CLANG_WARN_BOOL_CONVERSION = YES;
				CLANG_WARN_CONSTANT_CONVERSION = YES;
				CLANG_WARN_DIRECT_OBJC_ISA_USAGE = YES_ERROR;
				CLANG_WARN_EMPTY_BODY = YES;
				CLANG_WARN_ENUM_CONVERSION = YES;
				CLANG_WARN_INT_CONVERSION = YES;
				CLANG_WARN_OBJC_ROOT_CLASS = YES_ERROR;
				CLANG_WARN_UNREACHABLE_CODE = YES;
				CLANG_WARN__DUPLICATE_METHOD_MATCH = YES;
				"CODE_SIGN_IDENTITY[sdk=iphoneos*]" = "iPhone Developer";
				COPY_PHASE_STRIP = NO;
				DEBUG_INFORMATION_FORMAT = "dwarf-with-dsym";
				ENABLE_NS_ASSERTIONS = NO;
				ENABLE_STRICT_OBJC_MSGSEND = YES;
				GCC_C_LANGUAGE_STANDARD = gnu99;
				GCC_NO_COMMON_BLOCKS = YES;
				GCC_WARN_64_TO_32_BIT_CONVERSION = YES;
				GCC_WARN_ABOUT_RETURN_TYPE = YES_ERROR;
				GCC_WARN_UNDECLARED_SELECTOR = YES;
				GCC_WARN_UNINITIALIZED_AUTOS = YES_AGGRESSIVE;
				GCC_WARN_UNUSED_FUNCTION = YES;
				GCC_WARN_UNUSED_VARIABLE = YES;
				IPHONEOS_DEPLOYMENT_TARGET = 9.0;
				MTL_ENABLE_DEBUG_INFO = NO;
				SDKROOT = iphoneos;
				VALIDATE_PRODUCT = YES;
			};
			name = Release;
		};
		D9DF2C211BBB97B100439F9B /* Debug */ = {
			isa = XCBuildConfiguration;
			buildSettings = {
				ASSETCATALOG_COMPILER_APPICON_NAME = AppIcon;
				CLANG_ENABLE_MODULES = YES;
				INFOPLIST_FILE = PopCircleMenu/Info.plist;
				LD_RUNPATH_SEARCH_PATHS = "$(inherited) @executable_path/Frameworks";
				PRODUCT_BUNDLE_IDENTIFIER = com.zhongkeyun.PopCircleMenu;
				PRODUCT_NAME = "$(TARGET_NAME)";
				SWIFT_OBJC_BRIDGING_HEADER = "PopCircleMenu/PopCircleMenu-Bridging-Header.h";
				SWIFT_OPTIMIZATION_LEVEL = "-Onone";
			};
			name = Debug;
		};
		D9DF2C221BBB97B100439F9B /* Release */ = {
			isa = XCBuildConfiguration;
			buildSettings = {
				ASSETCATALOG_COMPILER_APPICON_NAME = AppIcon;
				CLANG_ENABLE_MODULES = YES;
				INFOPLIST_FILE = PopCircleMenu/Info.plist;
				LD_RUNPATH_SEARCH_PATHS = "$(inherited) @executable_path/Frameworks";
				PRODUCT_BUNDLE_IDENTIFIER = com.zhongkeyun.PopCircleMenu;
				PRODUCT_NAME = "$(TARGET_NAME)";
				SWIFT_OBJC_BRIDGING_HEADER = "PopCircleMenu/PopCircleMenu-Bridging-Header.h";
			};
			name = Release;
		};
		D9DF2C241BBB97B100439F9B /* Debug */ = {
			isa = XCBuildConfiguration;
			buildSettings = {
				BUNDLE_LOADER = "$(TEST_HOST)";
				INFOPLIST_FILE = PopCircleMenuTests/Info.plist;
				LD_RUNPATH_SEARCH_PATHS = "$(inherited) @executable_path/Frameworks @loader_path/Frameworks";
				PRODUCT_BUNDLE_IDENTIFIER = com.zhongkeyun.PopCircleMenuTests;
				PRODUCT_NAME = "$(TARGET_NAME)";
				TEST_HOST = "$(BUILT_PRODUCTS_DIR)/PopCircleMenu.app/PopCircleMenu";
			};
			name = Debug;
		};
		D9DF2C251BBB97B100439F9B /* Release */ = {
			isa = XCBuildConfiguration;
			buildSettings = {
				BUNDLE_LOADER = "$(TEST_HOST)";
				INFOPLIST_FILE = PopCircleMenuTests/Info.plist;
				LD_RUNPATH_SEARCH_PATHS = "$(inherited) @executable_path/Frameworks @loader_path/Frameworks";
				PRODUCT_BUNDLE_IDENTIFIER = com.zhongkeyun.PopCircleMenuTests;
				PRODUCT_NAME = "$(TARGET_NAME)";
				TEST_HOST = "$(BUILT_PRODUCTS_DIR)/PopCircleMenu.app/PopCircleMenu";
			};
			name = Release;
		};
		D9DF2C271BBB97B100439F9B /* Debug */ = {
			isa = XCBuildConfiguration;
			buildSettings = {
				INFOPLIST_FILE = PopCircleMenuUITests/Info.plist;
				LD_RUNPATH_SEARCH_PATHS = "$(inherited) @executable_path/Frameworks @loader_path/Frameworks";
				PRODUCT_BUNDLE_IDENTIFIER = com.zhongkeyun.PopCircleMenuUITests;
				PRODUCT_NAME = "$(TARGET_NAME)";
				TEST_TARGET_NAME = PopCircleMenu;
				USES_XCTRUNNER = YES;
			};
			name = Debug;
		};
		D9DF2C281BBB97B100439F9B /* Release */ = {
			isa = XCBuildConfiguration;
			buildSettings = {
				INFOPLIST_FILE = PopCircleMenuUITests/Info.plist;
				LD_RUNPATH_SEARCH_PATHS = "$(inherited) @executable_path/Frameworks @loader_path/Frameworks";
				PRODUCT_BUNDLE_IDENTIFIER = com.zhongkeyun.PopCircleMenuUITests;
				PRODUCT_NAME = "$(TARGET_NAME)";
				TEST_TARGET_NAME = PopCircleMenu;
				USES_XCTRUNNER = YES;
			};
			name = Release;
		};
/* End XCBuildConfiguration section */

/* Begin XCConfigurationList section */
		D9DF2BEB1BBB97B100439F9B /* Build configuration list for PBXProject "PopCircleMenu" */ = {
			isa = XCConfigurationList;
			buildConfigurations = (
				D9DF2C1E1BBB97B100439F9B /* Debug */,
				D9DF2C1F1BBB97B100439F9B /* Release */,
			);
			defaultConfigurationIsVisible = 0;
			defaultConfigurationName = Release;
		};
		D9DF2C201BBB97B100439F9B /* Build configuration list for PBXNativeTarget "PopCircleMenu" */ = {
			isa = XCConfigurationList;
			buildConfigurations = (
				D9DF2C211BBB97B100439F9B /* Debug */,
				D9DF2C221BBB97B100439F9B /* Release */,
			);
			defaultConfigurationIsVisible = 0;
			defaultConfigurationName = Release;
		};
		D9DF2C231BBB97B100439F9B /* Build configuration list for PBXNativeTarget "PopCircleMenuTests" */ = {
			isa = XCConfigurationList;
			buildConfigurations = (
				D9DF2C241BBB97B100439F9B /* Debug */,
				D9DF2C251BBB97B100439F9B /* Release */,
			);
			defaultConfigurationIsVisible = 0;
			defaultConfigurationName = Release;
		};
		D9DF2C261BBB97B100439F9B /* Build configuration list for PBXNativeTarget "PopCircleMenuUITests" */ = {
			isa = XCConfigurationList;
			buildConfigurations = (
				D9DF2C271BBB97B100439F9B /* Debug */,
				D9DF2C281BBB97B100439F9B /* Release */,
			);
			defaultConfigurationIsVisible = 0;
			defaultConfigurationName = Release;
		};
/* End XCConfigurationList section */

/* Begin XCVersionGroup section */
		D9DF2BFF1BBB97B100439F9B /* PopCircleMenu.xcdatamodeld */ = {
			isa = XCVersionGroup;
			children = (
				D9DF2C001BBB97B100439F9B /* PopCircleMenu.xcdatamodel */,
			);
			currentVersion = D9DF2C001BBB97B100439F9B /* PopCircleMenu.xcdatamodel */;
			path = PopCircleMenu.xcdatamodeld;
			sourceTree = "<group>";
			versionGroupType = wrapper.xcdatamodel;
		};
/* End XCVersionGroup section */
	};
	rootObject = D9DF2BE81BBB97B100439F9B /* Project object */;
}
